// !$*UTF8*$!
{
	archiveVersion = 1;
	classes = {
	};
	objectVersion = 51;
	objects = {

/* Begin PBXBuildFile section */
		7C066D84262B2F140030B103 /* ConcentrationTableViewCellModel.swift in Sources */ = {isa = PBXBuildFile; fileRef = 7C066D83262B2F140030B103 /* ConcentrationTableViewCellModel.swift */; };
		7C066D87262B31FE0030B103 /* AnalyteTableViewCellModel.swift in Sources */ = {isa = PBXBuildFile; fileRef = 7C066D86262B31FE0030B103 /* AnalyteTableViewCellModel.swift */; };
		7C066D8E2634777E0030B103 /* AppColor.swift in Sources */ = {isa = PBXBuildFile; fileRef = 7C066D8D2634777E0030B103 /* AppColor.swift */; };
		7C066DAE2634BF450030B103 /* UIFont+Extension.swift in Sources */ = {isa = PBXBuildFile; fileRef = 7C066DA02634BF450030B103 /* UIFont+Extension.swift */; };
		7C066DAF2634BF450030B103 /* SourceSansPro-BlackItalic.ttf in Resources */ = {isa = PBXBuildFile; fileRef = 7C066DA22634BF450030B103 /* SourceSansPro-BlackItalic.ttf */; };
		7C066DB02634BF450030B103 /* SourceSansPro-SemiBoldItalic.ttf in Resources */ = {isa = PBXBuildFile; fileRef = 7C066DA32634BF450030B103 /* SourceSansPro-SemiBoldItalic.ttf */; };
		7C066DB12634BF450030B103 /* SourceSansPro-Regular.ttf in Resources */ = {isa = PBXBuildFile; fileRef = 7C066DA42634BF450030B103 /* SourceSansPro-Regular.ttf */; };
		7C066DB22634BF450030B103 /* SourceSansPro-Bold.ttf in Resources */ = {isa = PBXBuildFile; fileRef = 7C066DA52634BF450030B103 /* SourceSansPro-Bold.ttf */; };
		7C066DB32634BF450030B103 /* SourceSansPro-LightItalic.ttf in Resources */ = {isa = PBXBuildFile; fileRef = 7C066DA62634BF450030B103 /* SourceSansPro-LightItalic.ttf */; };
		7C066DB42634BF450030B103 /* SourceSansPro-Light.ttf in Resources */ = {isa = PBXBuildFile; fileRef = 7C066DA72634BF450030B103 /* SourceSansPro-Light.ttf */; };
		7C066DB52634BF450030B103 /* SourceSansPro-Black.ttf in Resources */ = {isa = PBXBuildFile; fileRef = 7C066DA82634BF450030B103 /* SourceSansPro-Black.ttf */; };
		7C066DB62634BF450030B103 /* SourceSansPro-ExtraLight.ttf in Resources */ = {isa = PBXBuildFile; fileRef = 7C066DA92634BF450030B103 /* SourceSansPro-ExtraLight.ttf */; };
		7C066DB72634BF450030B103 /* SourceSansPro-BoldItalic.ttf in Resources */ = {isa = PBXBuildFile; fileRef = 7C066DAA2634BF450030B103 /* SourceSansPro-BoldItalic.ttf */; };
		7C066DB82634BF450030B103 /* SourceSansPro-SemiBold.ttf in Resources */ = {isa = PBXBuildFile; fileRef = 7C066DAB2634BF450030B103 /* SourceSansPro-SemiBold.ttf */; };
		7C066DB92634BF450030B103 /* SourceSansPro-ExtraLightItalic.ttf in Resources */ = {isa = PBXBuildFile; fileRef = 7C066DAC2634BF450030B103 /* SourceSansPro-ExtraLightItalic.ttf */; };
		7C066DBA2634BF450030B103 /* SourceSansPro-Italic.ttf in Resources */ = {isa = PBXBuildFile; fileRef = 7C066DAD2634BF450030B103 /* SourceSansPro-Italic.ttf */; };
		7C3C27DF26258FBD00F83DAA /* AnalyteListTableViewCell.swift in Sources */ = {isa = PBXBuildFile; fileRef = 7C3C27DD26258FBD00F83DAA /* AnalyteListTableViewCell.swift */; };
		7C3C27E026258FBD00F83DAA /* AnalyteListTableViewCell.xib in Resources */ = {isa = PBXBuildFile; fileRef = 7C3C27DE26258FBD00F83DAA /* AnalyteListTableViewCell.xib */; };
		7C3C27E92625C1EB00F83DAA /* ActivityIndicatorButton.swift in Sources */ = {isa = PBXBuildFile; fileRef = 7C3C27E82625C1EB00F83DAA /* ActivityIndicatorButton.swift */; };
		7C4E33F72624754000C42669 /* ConcentrationTableViewCell.swift in Sources */ = {isa = PBXBuildFile; fileRef = 7C4E33F52624754000C42669 /* ConcentrationTableViewCell.swift */; };
		7C4E33F82624754100C42669 /* ConcentrationTableViewCell.xib in Resources */ = {isa = PBXBuildFile; fileRef = 7C4E33F62624754000C42669 /* ConcentrationTableViewCell.xib */; };
		7C943D11263D854600EC7AFC /* DeviceDataAPI.swift in Sources */ = {isa = PBXBuildFile; fileRef = 7C943D10263D854600EC7AFC /* DeviceDataAPI.swift */; };
		7C9E01F7263D8ECB003ACC6A /* IndicatorTextField.swift in Sources */ = {isa = PBXBuildFile; fileRef = 7C9E01F6263D8ECB003ACC6A /* IndicatorTextField.swift */; };
		7CDA38002623B0D700874665 /* AnalyteDataAPI.swift in Sources */ = {isa = PBXBuildFile; fileRef = 7CDA37FF2623B0D700874665 /* AnalyteDataAPI.swift */; };
		7CDC8E1E2623AE6B00430BD7 /* AppDelegate.swift in Sources */ = {isa = PBXBuildFile; fileRef = 7CDC8E1D2623AE6B00430BD7 /* AppDelegate.swift */; };
		7CDC8E202623AE6B00430BD7 /* SceneDelegate.swift in Sources */ = {isa = PBXBuildFile; fileRef = 7CDC8E1F2623AE6B00430BD7 /* SceneDelegate.swift */; };
		7CDC8E222623AE6B00430BD7 /* CalibrationViewController.swift in Sources */ = {isa = PBXBuildFile; fileRef = 7CDC8E212623AE6B00430BD7 /* CalibrationViewController.swift */; };
		7CDC8E252623AE6B00430BD7 /* CalibrationView.storyboard in Resources */ = {isa = PBXBuildFile; fileRef = 7CDC8E232623AE6B00430BD7 /* CalibrationView.storyboard */; };
		7CDC8E282623AE6B00430BD7 /* ki_kth_project.xcdatamodeld in Sources */ = {isa = PBXBuildFile; fileRef = 7CDC8E262623AE6B00430BD7 /* ki_kth_project.xcdatamodeld */; };
		7CDC8E2A2623AE6B00430BD7 /* Assets.xcassets in Resources */ = {isa = PBXBuildFile; fileRef = 7CDC8E292623AE6B00430BD7 /* Assets.xcassets */; };
		7CDC8E2D2623AE6B00430BD7 /* LaunchScreen.storyboard in Resources */ = {isa = PBXBuildFile; fileRef = 7CDC8E2B2623AE6B00430BD7 /* LaunchScreen.storyboard */; };
		7CDC8E3B2623AF8F00430BD7 /* NetworkingService.swift in Sources */ = {isa = PBXBuildFile; fileRef = 7CDC8E3A2623AF8F00430BD7 /* NetworkingService.swift */; };
		7CDEFBA12629C15B00CA3E66 /* StoryboardInstantiable.swift in Sources */ = {isa = PBXBuildFile; fileRef = 7CDEFBA02629C15B00CA3E66 /* StoryboardInstantiable.swift */; };
		7CDEFBA62629C23000CA3E66 /* CalibrationViewModel.swift in Sources */ = {isa = PBXBuildFile; fileRef = 7CDEFBA52629C23000CA3E66 /* CalibrationViewModel.swift */; };
		7CE223782639977300BD8C5B /* DeviceReadingViewController.swift in Sources */ = {isa = PBXBuildFile; fileRef = 7CE223772639977300BD8C5B /* DeviceReadingViewController.swift */; };
		7CE2237A2639978D00BD8C5B /* DeviceReadingView.storyboard in Resources */ = {isa = PBXBuildFile; fileRef = 7CE223792639978D00BD8C5B /* DeviceReadingView.storyboard */; };
		7CE2237C263997AC00BD8C5B /* DeviceReadingViewModel.swift in Sources */ = {isa = PBXBuildFile; fileRef = 7CE2237B263997AC00BD8C5B /* DeviceReadingViewModel.swift */; };
		7CE2238026399BA100BD8C5B /* DeviceListTableViewCell.swift in Sources */ = {isa = PBXBuildFile; fileRef = 7CE2237E26399BA100BD8C5B /* DeviceListTableViewCell.swift */; };
		7CE2238126399BA100BD8C5B /* DeviceListTableViewCell.xib in Resources */ = {isa = PBXBuildFile; fileRef = 7CE2237F26399BA100BD8C5B /* DeviceListTableViewCell.xib */; };
		7CE2238326399BC000BD8C5B /* DeviceListTableViewCellViewModel.swift in Sources */ = {isa = PBXBuildFile; fileRef = 7CE2238226399BC000BD8C5B /* DeviceListTableViewCellViewModel.swift */; };
		7CF344B22642F79C00968E7F /* InitialLoginViewController.swift in Sources */ = {isa = PBXBuildFile; fileRef = 7CF344B12642F79C00968E7F /* InitialLoginViewController.swift */; };
		7CF344B42642F7AB00968E7F /* InitialLoginViewModel.swift in Sources */ = {isa = PBXBuildFile; fileRef = 7CF344B32642F7AB00968E7F /* InitialLoginViewModel.swift */; };
		7CF344B62642F7C100968E7F /* InitialLoginView.storyboard in Resources */ = {isa = PBXBuildFile; fileRef = 7CF344B52642F7C100968E7F /* InitialLoginView.storyboard */; };
		F504A3A08E207F6059771813 /* Pods_ki_kth_project.framework in Frameworks */ = {isa = PBXBuildFile; fileRef = 9A6FC4A09A904DFBB5E5C423 /* Pods_ki_kth_project.framework */; };
/* End PBXBuildFile section */

/* Begin PBXFileReference section */
		49798964489FB19CD8059D8B /* Pods-ki-kth-project.debug.xcconfig */ = {isa = PBXFileReference; includeInIndex = 1; lastKnownFileType = text.xcconfig; name = "Pods-ki-kth-project.debug.xcconfig"; path = "Target Support Files/Pods-ki-kth-project/Pods-ki-kth-project.debug.xcconfig"; sourceTree = "<group>"; };
		7C066D83262B2F140030B103 /* ConcentrationTableViewCellModel.swift */ = {isa = PBXFileReference; lastKnownFileType = sourcecode.swift; path = ConcentrationTableViewCellModel.swift; sourceTree = "<group>"; };
		7C066D86262B31FE0030B103 /* AnalyteTableViewCellModel.swift */ = {isa = PBXFileReference; lastKnownFileType = sourcecode.swift; path = AnalyteTableViewCellModel.swift; sourceTree = "<group>"; };
		7C066D8D2634777E0030B103 /* AppColor.swift */ = {isa = PBXFileReference; lastKnownFileType = sourcecode.swift; path = AppColor.swift; sourceTree = "<group>"; };
		7C066DA02634BF450030B103 /* UIFont+Extension.swift */ = {isa = PBXFileReference; fileEncoding = 4; lastKnownFileType = sourcecode.swift; path = "UIFont+Extension.swift"; sourceTree = "<group>"; };
		7C066DA22634BF450030B103 /* SourceSansPro-BlackItalic.ttf */ = {isa = PBXFileReference; lastKnownFileType = file; path = "SourceSansPro-BlackItalic.ttf"; sourceTree = "<group>"; };
		7C066DA32634BF450030B103 /* SourceSansPro-SemiBoldItalic.ttf */ = {isa = PBXFileReference; lastKnownFileType = file; path = "SourceSansPro-SemiBoldItalic.ttf"; sourceTree = "<group>"; };
		7C066DA42634BF450030B103 /* SourceSansPro-Regular.ttf */ = {isa = PBXFileReference; lastKnownFileType = file; path = "SourceSansPro-Regular.ttf"; sourceTree = "<group>"; };
		7C066DA52634BF450030B103 /* SourceSansPro-Bold.ttf */ = {isa = PBXFileReference; lastKnownFileType = file; path = "SourceSansPro-Bold.ttf"; sourceTree = "<group>"; };
		7C066DA62634BF450030B103 /* SourceSansPro-LightItalic.ttf */ = {isa = PBXFileReference; lastKnownFileType = file; path = "SourceSansPro-LightItalic.ttf"; sourceTree = "<group>"; };
		7C066DA72634BF450030B103 /* SourceSansPro-Light.ttf */ = {isa = PBXFileReference; lastKnownFileType = file; path = "SourceSansPro-Light.ttf"; sourceTree = "<group>"; };
		7C066DA82634BF450030B103 /* SourceSansPro-Black.ttf */ = {isa = PBXFileReference; lastKnownFileType = file; path = "SourceSansPro-Black.ttf"; sourceTree = "<group>"; };
		7C066DA92634BF450030B103 /* SourceSansPro-ExtraLight.ttf */ = {isa = PBXFileReference; lastKnownFileType = file; path = "SourceSansPro-ExtraLight.ttf"; sourceTree = "<group>"; };
		7C066DAA2634BF450030B103 /* SourceSansPro-BoldItalic.ttf */ = {isa = PBXFileReference; lastKnownFileType = file; path = "SourceSansPro-BoldItalic.ttf"; sourceTree = "<group>"; };
		7C066DAB2634BF450030B103 /* SourceSansPro-SemiBold.ttf */ = {isa = PBXFileReference; lastKnownFileType = file; path = "SourceSansPro-SemiBold.ttf"; sourceTree = "<group>"; };
		7C066DAC2634BF450030B103 /* SourceSansPro-ExtraLightItalic.ttf */ = {isa = PBXFileReference; lastKnownFileType = file; path = "SourceSansPro-ExtraLightItalic.ttf"; sourceTree = "<group>"; };
		7C066DAD2634BF450030B103 /* SourceSansPro-Italic.ttf */ = {isa = PBXFileReference; lastKnownFileType = file; path = "SourceSansPro-Italic.ttf"; sourceTree = "<group>"; };
		7C3C27DD26258FBD00F83DAA /* AnalyteListTableViewCell.swift */ = {isa = PBXFileReference; lastKnownFileType = sourcecode.swift; path = AnalyteListTableViewCell.swift; sourceTree = "<group>"; };
		7C3C27DE26258FBD00F83DAA /* AnalyteListTableViewCell.xib */ = {isa = PBXFileReference; lastKnownFileType = file.xib; path = AnalyteListTableViewCell.xib; sourceTree = "<group>"; };
		7C3C27E82625C1EB00F83DAA /* ActivityIndicatorButton.swift */ = {isa = PBXFileReference; lastKnownFileType = sourcecode.swift; path = ActivityIndicatorButton.swift; sourceTree = "<group>"; };
		7C4E33F52624754000C42669 /* ConcentrationTableViewCell.swift */ = {isa = PBXFileReference; lastKnownFileType = sourcecode.swift; path = ConcentrationTableViewCell.swift; sourceTree = "<group>"; };
		7C4E33F62624754000C42669 /* ConcentrationTableViewCell.xib */ = {isa = PBXFileReference; lastKnownFileType = file.xib; path = ConcentrationTableViewCell.xib; sourceTree = "<group>"; };
		7C943D10263D854600EC7AFC /* DeviceDataAPI.swift */ = {isa = PBXFileReference; lastKnownFileType = sourcecode.swift; path = DeviceDataAPI.swift; sourceTree = "<group>"; };
		7C9E01F6263D8ECB003ACC6A /* IndicatorTextField.swift */ = {isa = PBXFileReference; lastKnownFileType = sourcecode.swift; path = IndicatorTextField.swift; sourceTree = "<group>"; };
		7CDA37FF2623B0D700874665 /* AnalyteDataAPI.swift */ = {isa = PBXFileReference; lastKnownFileType = sourcecode.swift; path = AnalyteDataAPI.swift; sourceTree = "<group>"; };
		7CDC8E1A2623AE6B00430BD7 /* ki-kth-project.app */ = {isa = PBXFileReference; explicitFileType = wrapper.application; includeInIndex = 0; path = "ki-kth-project.app"; sourceTree = BUILT_PRODUCTS_DIR; };
		7CDC8E1D2623AE6B00430BD7 /* AppDelegate.swift */ = {isa = PBXFileReference; lastKnownFileType = sourcecode.swift; path = AppDelegate.swift; sourceTree = "<group>"; };
		7CDC8E1F2623AE6B00430BD7 /* SceneDelegate.swift */ = {isa = PBXFileReference; lastKnownFileType = sourcecode.swift; path = SceneDelegate.swift; sourceTree = "<group>"; };
		7CDC8E212623AE6B00430BD7 /* CalibrationViewController.swift */ = {isa = PBXFileReference; lastKnownFileType = sourcecode.swift; path = CalibrationViewController.swift; sourceTree = "<group>"; };
		7CDC8E242623AE6B00430BD7 /* Base */ = {isa = PBXFileReference; lastKnownFileType = file.storyboard; name = Base; path = Base.lproj/CalibrationView.storyboard; sourceTree = "<group>"; };
		7CDC8E272623AE6B00430BD7 /* ki_kth_project.xcdatamodel */ = {isa = PBXFileReference; lastKnownFileType = wrapper.xcdatamodel; path = ki_kth_project.xcdatamodel; sourceTree = "<group>"; };
		7CDC8E292623AE6B00430BD7 /* Assets.xcassets */ = {isa = PBXFileReference; lastKnownFileType = folder.assetcatalog; path = Assets.xcassets; sourceTree = "<group>"; };
		7CDC8E2C2623AE6B00430BD7 /* Base */ = {isa = PBXFileReference; lastKnownFileType = file.storyboard; name = Base; path = Base.lproj/LaunchScreen.storyboard; sourceTree = "<group>"; };
		7CDC8E2E2623AE6B00430BD7 /* Info.plist */ = {isa = PBXFileReference; lastKnownFileType = text.plist.xml; path = Info.plist; sourceTree = "<group>"; };
		7CDC8E3A2623AF8F00430BD7 /* NetworkingService.swift */ = {isa = PBXFileReference; fileEncoding = 4; lastKnownFileType = sourcecode.swift; path = NetworkingService.swift; sourceTree = "<group>"; };
		7CDEFBA02629C15B00CA3E66 /* StoryboardInstantiable.swift */ = {isa = PBXFileReference; fileEncoding = 4; lastKnownFileType = sourcecode.swift; path = StoryboardInstantiable.swift; sourceTree = "<group>"; };
		7CDEFBA52629C23000CA3E66 /* CalibrationViewModel.swift */ = {isa = PBXFileReference; lastKnownFileType = sourcecode.swift; path = CalibrationViewModel.swift; sourceTree = "<group>"; };
		7CE223772639977300BD8C5B /* DeviceReadingViewController.swift */ = {isa = PBXFileReference; lastKnownFileType = sourcecode.swift; path = DeviceReadingViewController.swift; sourceTree = "<group>"; };
		7CE223792639978D00BD8C5B /* DeviceReadingView.storyboard */ = {isa = PBXFileReference; lastKnownFileType = file.storyboard; path = DeviceReadingView.storyboard; sourceTree = "<group>"; };
		7CE2237B263997AC00BD8C5B /* DeviceReadingViewModel.swift */ = {isa = PBXFileReference; lastKnownFileType = sourcecode.swift; path = DeviceReadingViewModel.swift; sourceTree = "<group>"; };
		7CE2237E26399BA100BD8C5B /* DeviceListTableViewCell.swift */ = {isa = PBXFileReference; lastKnownFileType = sourcecode.swift; path = DeviceListTableViewCell.swift; sourceTree = "<group>"; };
		7CE2237F26399BA100BD8C5B /* DeviceListTableViewCell.xib */ = {isa = PBXFileReference; lastKnownFileType = file.xib; path = DeviceListTableViewCell.xib; sourceTree = "<group>"; };
		7CE2238226399BC000BD8C5B /* DeviceListTableViewCellViewModel.swift */ = {isa = PBXFileReference; lastKnownFileType = sourcecode.swift; path = DeviceListTableViewCellViewModel.swift; sourceTree = "<group>"; };
		7CF344B12642F79C00968E7F /* InitialLoginViewController.swift */ = {isa = PBXFileReference; lastKnownFileType = sourcecode.swift; path = InitialLoginViewController.swift; sourceTree = "<group>"; };
		7CF344B32642F7AB00968E7F /* InitialLoginViewModel.swift */ = {isa = PBXFileReference; lastKnownFileType = sourcecode.swift; path = InitialLoginViewModel.swift; sourceTree = "<group>"; };
		7CF344B52642F7C100968E7F /* InitialLoginView.storyboard */ = {isa = PBXFileReference; lastKnownFileType = file.storyboard; path = InitialLoginView.storyboard; sourceTree = "<group>"; };
		9A6FC4A09A904DFBB5E5C423 /* Pods_ki_kth_project.framework */ = {isa = PBXFileReference; explicitFileType = wrapper.framework; includeInIndex = 0; path = Pods_ki_kth_project.framework; sourceTree = BUILT_PRODUCTS_DIR; };
		D1DFA9CFFA0E6B88A99C38D3 /* Pods-ki-kth-project.release.xcconfig */ = {isa = PBXFileReference; includeInIndex = 1; lastKnownFileType = text.xcconfig; name = "Pods-ki-kth-project.release.xcconfig"; path = "Target Support Files/Pods-ki-kth-project/Pods-ki-kth-project.release.xcconfig"; sourceTree = "<group>"; };
/* End PBXFileReference section */

/* Begin PBXFrameworksBuildPhase section */
		7CDC8E172623AE6B00430BD7 /* Frameworks */ = {
			isa = PBXFrameworksBuildPhase;
			buildActionMask = 2147483647;
			files = (
				F504A3A08E207F6059771813 /* Pods_ki_kth_project.framework in Frameworks */,
			);
			runOnlyForDeploymentPostprocessing = 0;
		};
/* End PBXFrameworksBuildPhase section */

/* Begin PBXGroup section */
		7C066D8C2634775F0030B103 /* UI */ = {
			isa = PBXGroup;
			children = (
				7C066D8D2634777E0030B103 /* AppColor.swift */,
			);
			path = UI;
			sourceTree = "<group>";
		};
		7C066D9F2634BF450030B103 /* Fonts */ = {
			isa = PBXGroup;
			children = (
				7C066DA02634BF450030B103 /* UIFont+Extension.swift */,
				7C066DA12634BF450030B103 /* SourceSansPro */,
			);
			name = Fonts;
			path = "../../../../../Downloads/12-months-ios-master/UI/CCUIKit/Fonts";
			sourceTree = "<group>";
		};
		7C066DA12634BF450030B103 /* SourceSansPro */ = {
			isa = PBXGroup;
			children = (
				7C066DA22634BF450030B103 /* SourceSansPro-BlackItalic.ttf */,
				7C066DA32634BF450030B103 /* SourceSansPro-SemiBoldItalic.ttf */,
				7C066DA42634BF450030B103 /* SourceSansPro-Regular.ttf */,
				7C066DA52634BF450030B103 /* SourceSansPro-Bold.ttf */,
				7C066DA62634BF450030B103 /* SourceSansPro-LightItalic.ttf */,
				7C066DA72634BF450030B103 /* SourceSansPro-Light.ttf */,
				7C066DA82634BF450030B103 /* SourceSansPro-Black.ttf */,
				7C066DA92634BF450030B103 /* SourceSansPro-ExtraLight.ttf */,
				7C066DAA2634BF450030B103 /* SourceSansPro-BoldItalic.ttf */,
				7C066DAB2634BF450030B103 /* SourceSansPro-SemiBold.ttf */,
				7C066DAC2634BF450030B103 /* SourceSansPro-ExtraLightItalic.ttf */,
				7C066DAD2634BF450030B103 /* SourceSansPro-Italic.ttf */,
			);
			path = SourceSansPro;
			sourceTree = "<group>";
		};
		7C3C27D526258F2D00F83DAA /* ConcentrationTableViewCell */ = {
			isa = PBXGroup;
			children = (
				7C4E33F52624754000C42669 /* ConcentrationTableViewCell.swift */,
				7C066D83262B2F140030B103 /* ConcentrationTableViewCellModel.swift */,
				7C4E33F62624754000C42669 /* ConcentrationTableViewCell.xib */,
			);
			path = ConcentrationTableViewCell;
			sourceTree = "<group>";
		};
		7C3C27D726258F8C00F83DAA /* AnalyteListTableViewCell */ = {
			isa = PBXGroup;
			children = (
				7C3C27DD26258FBD00F83DAA /* AnalyteListTableViewCell.swift */,
				7C066D86262B31FE0030B103 /* AnalyteTableViewCellModel.swift */,
				7C3C27DE26258FBD00F83DAA /* AnalyteListTableViewCell.xib */,
			);
			path = AnalyteListTableViewCell;
			sourceTree = "<group>";
		};
		7C9E01F5263D8E72003ACC6A /* Components */ = {
			isa = PBXGroup;
			children = (
				7C3C27E82625C1EB00F83DAA /* ActivityIndicatorButton.swift */,
				7C9E01F6263D8ECB003ACC6A /* IndicatorTextField.swift */,
			);
			path = Components;
			sourceTree = "<group>";
		};
		7CDA37FE2623B0C700874665 /* API */ = {
			isa = PBXGroup;
			children = (
				7CDA37FF2623B0D700874665 /* AnalyteDataAPI.swift */,
				7C943D10263D854600EC7AFC /* DeviceDataAPI.swift */,
			);
			path = API;
			sourceTree = "<group>";
		};
		7CDC8E112623AE6B00430BD7 = {
			isa = PBXGroup;
			children = (
				7CDC8E1C2623AE6B00430BD7 /* ki-kth-project */,
				7CDC8E1B2623AE6B00430BD7 /* Products */,
				8186DD3139FA7E2D58714FE7 /* Pods */,
				81123C20CEBB19D8F36FD595 /* Frameworks */,
			);
			sourceTree = "<group>";
		};
		7CDC8E1B2623AE6B00430BD7 /* Products */ = {
			isa = PBXGroup;
			children = (
				7CDC8E1A2623AE6B00430BD7 /* ki-kth-project.app */,
			);
			name = Products;
			sourceTree = "<group>";
		};
		7CDC8E1C2623AE6B00430BD7 /* ki-kth-project */ = {
			isa = PBXGroup;
			children = (
				7CDC8E352623AE8300430BD7 /* Domain */,
				7CDA37FE2623B0C700874665 /* API */,
				7CDEFB9F2629C14D00CA3E66 /* Extensions */,
				7CDC8E392623AF4200430BD7 /* Utilities */,
				7CDC8E1D2623AE6B00430BD7 /* AppDelegate.swift */,
				7CDC8E1F2623AE6B00430BD7 /* SceneDelegate.swift */,
				7CDC8E292623AE6B00430BD7 /* Assets.xcassets */,
				7CDC8E2B2623AE6B00430BD7 /* LaunchScreen.storyboard */,
				7CDC8E2E2623AE6B00430BD7 /* Info.plist */,
				7CDC8E262623AE6B00430BD7 /* ki_kth_project.xcdatamodeld */,
			);
			path = "ki-kth-project";
			sourceTree = "<group>";
		};
		7CDC8E352623AE8300430BD7 /* Domain */ = {
			isa = PBXGroup;
			children = (
				7CF344B02642F76A00968E7F /* InitialLoginView */,
				7CE223762639903A00BD8C5B /* DeviceReadingView */,
				7CDC8E362623AE9000430BD7 /* CalibrationView */,
			);
			path = Domain;
			sourceTree = "<group>";
		};
		7CDC8E362623AE9000430BD7 /* CalibrationView */ = {
			isa = PBXGroup;
			children = (
				7C3C27D726258F8C00F83DAA /* AnalyteListTableViewCell */,
				7C3C27D526258F2D00F83DAA /* ConcentrationTableViewCell */,
				7CDC8E212623AE6B00430BD7 /* CalibrationViewController.swift */,
				7CDEFBA52629C23000CA3E66 /* CalibrationViewModel.swift */,
				7CDC8E232623AE6B00430BD7 /* CalibrationView.storyboard */,
			);
			path = CalibrationView;
			sourceTree = "<group>";
		};
		7CDC8E392623AF4200430BD7 /* Utilities */ = {
			isa = PBXGroup;
			children = (
				7C9E01F5263D8E72003ACC6A /* Components */,
				7C066D9F2634BF450030B103 /* Fonts */,
				7C066D8C2634775F0030B103 /* UI */,
				7CDC8E3D2623AF9B00430BD7 /* Networking */,
			);
			path = Utilities;
			sourceTree = "<group>";
		};
		7CDC8E3D2623AF9B00430BD7 /* Networking */ = {
			isa = PBXGroup;
			children = (
				7CDC8E3A2623AF8F00430BD7 /* NetworkingService.swift */,
			);
			path = Networking;
			sourceTree = "<group>";
		};
		7CDEFB9F2629C14D00CA3E66 /* Extensions */ = {
			isa = PBXGroup;
			children = (
				7CDEFBA02629C15B00CA3E66 /* StoryboardInstantiable.swift */,
			);
			path = Extensions;
			sourceTree = "<group>";
		};
		7CE223762639903A00BD8C5B /* DeviceReadingView */ = {
			isa = PBXGroup;
			children = (
				7CE2237D26399B7A00BD8C5B /* DeviceListTableView */,
				7CE223772639977300BD8C5B /* DeviceReadingViewController.swift */,
				7CE2237B263997AC00BD8C5B /* DeviceReadingViewModel.swift */,
				7CE223792639978D00BD8C5B /* DeviceReadingView.storyboard */,
			);
			path = DeviceReadingView;
			sourceTree = "<group>";
		};
		7CE2237D26399B7A00BD8C5B /* DeviceListTableView */ = {
			isa = PBXGroup;
			children = (
				7CE2237E26399BA100BD8C5B /* DeviceListTableViewCell.swift */,
				7CE2238226399BC000BD8C5B /* DeviceListTableViewCellViewModel.swift */,
				7CE2237F26399BA100BD8C5B /* DeviceListTableViewCell.xib */,
			);
			path = DeviceListTableView;
			sourceTree = "<group>";
		};
		7CF344B02642F76A00968E7F /* InitialLoginView */ = {
			isa = PBXGroup;
			children = (
				7CF344B12642F79C00968E7F /* InitialLoginViewController.swift */,
				7CF344B32642F7AB00968E7F /* InitialLoginViewModel.swift */,
				7CF344B52642F7C100968E7F /* InitialLoginView.storyboard */,
			);
			path = InitialLoginView;
			sourceTree = "<group>";
		};
		81123C20CEBB19D8F36FD595 /* Frameworks */ = {
			isa = PBXGroup;
			children = (
				9A6FC4A09A904DFBB5E5C423 /* Pods_ki_kth_project.framework */,
			);
			name = Frameworks;
			sourceTree = "<group>";
		};
		8186DD3139FA7E2D58714FE7 /* Pods */ = {
			isa = PBXGroup;
			children = (
				49798964489FB19CD8059D8B /* Pods-ki-kth-project.debug.xcconfig */,
				D1DFA9CFFA0E6B88A99C38D3 /* Pods-ki-kth-project.release.xcconfig */,
			);
			path = Pods;
			sourceTree = "<group>";
		};
/* End PBXGroup section */

/* Begin PBXNativeTarget section */
		7CDC8E192623AE6B00430BD7 /* ki-kth-project */ = {
			isa = PBXNativeTarget;
			buildConfigurationList = 7CDC8E312623AE6B00430BD7 /* Build configuration list for PBXNativeTarget "ki-kth-project" */;
			buildPhases = (
				30FABA5F1E0D41A585FBAFBB /* [CP] Check Pods Manifest.lock */,
				7CDC8E162623AE6B00430BD7 /* Sources */,
				7CDC8E172623AE6B00430BD7 /* Frameworks */,
				7CDC8E182623AE6B00430BD7 /* Resources */,
				51B3104D0A1200850FC7AADB /* [CP] Embed Pods Frameworks */,
			);
			buildRules = (
			);
			dependencies = (
			);
			name = "ki-kth-project";
			productName = "ki-kth-project";
			productReference = 7CDC8E1A2623AE6B00430BD7 /* ki-kth-project.app */;
			productType = "com.apple.product-type.application";
		};
/* End PBXNativeTarget section */

/* Begin PBXProject section */
		7CDC8E122623AE6B00430BD7 /* Project object */ = {
			isa = PBXProject;
			attributes = {
				LastSwiftUpdateCheck = 1240;
				LastUpgradeCheck = 1240;
				TargetAttributes = {
					7CDC8E192623AE6B00430BD7 = {
						CreatedOnToolsVersion = 12.4;
					};
				};
			};
			buildConfigurationList = 7CDC8E152623AE6B00430BD7 /* Build configuration list for PBXProject "ki-kth-project" */;
			compatibilityVersion = "Xcode 9.3";
			developmentRegion = en;
			hasScannedForEncodings = 0;
			knownRegions = (
				en,
				Base,
			);
			mainGroup = 7CDC8E112623AE6B00430BD7;
			productRefGroup = 7CDC8E1B2623AE6B00430BD7 /* Products */;
			projectDirPath = "";
			projectRoot = "";
			targets = (
				7CDC8E192623AE6B00430BD7 /* ki-kth-project */,
			);
		};
/* End PBXProject section */

/* Begin PBXResourcesBuildPhase section */
		7CDC8E182623AE6B00430BD7 /* Resources */ = {
			isa = PBXResourcesBuildPhase;
			buildActionMask = 2147483647;
			files = (
				7C066DB02634BF450030B103 /* SourceSansPro-SemiBoldItalic.ttf in Resources */,
				7C066DBA2634BF450030B103 /* SourceSansPro-Italic.ttf in Resources */,
				7C066DAF2634BF450030B103 /* SourceSansPro-BlackItalic.ttf in Resources */,
				7C066DB42634BF450030B103 /* SourceSansPro-Light.ttf in Resources */,
				7CF344B62642F7C100968E7F /* InitialLoginView.storyboard in Resources */,
				7C066DB22634BF450030B103 /* SourceSansPro-Bold.ttf in Resources */,
				7C066DB92634BF450030B103 /* SourceSansPro-ExtraLightItalic.ttf in Resources */,
				7C066DB52634BF450030B103 /* SourceSansPro-Black.ttf in Resources */,
				7C3C27E026258FBD00F83DAA /* AnalyteListTableViewCell.xib in Resources */,
				7CE2237A2639978D00BD8C5B /* DeviceReadingView.storyboard in Resources */,
				7C066DB12634BF450030B103 /* SourceSansPro-Regular.ttf in Resources */,
				7C066DB72634BF450030B103 /* SourceSansPro-BoldItalic.ttf in Resources */,
				7C066DB32634BF450030B103 /* SourceSansPro-LightItalic.ttf in Resources */,
				7C066DB62634BF450030B103 /* SourceSansPro-ExtraLight.ttf in Resources */,
				7CDC8E2D2623AE6B00430BD7 /* LaunchScreen.storyboard in Resources */,
				7C4E33F82624754100C42669 /* ConcentrationTableViewCell.xib in Resources */,
				7C066DB82634BF450030B103 /* SourceSansPro-SemiBold.ttf in Resources */,
				7CE2238126399BA100BD8C5B /* DeviceListTableViewCell.xib in Resources */,
				7CDC8E2A2623AE6B00430BD7 /* Assets.xcassets in Resources */,
				7CDC8E252623AE6B00430BD7 /* CalibrationView.storyboard in Resources */,
			);
			runOnlyForDeploymentPostprocessing = 0;
		};
/* End PBXResourcesBuildPhase section */

/* Begin PBXShellScriptBuildPhase section */
		30FABA5F1E0D41A585FBAFBB /* [CP] Check Pods Manifest.lock */ = {
			isa = PBXShellScriptBuildPhase;
			buildActionMask = 2147483647;
			files = (
			);
			inputFileListPaths = (
			);
			inputPaths = (
				"${PODS_PODFILE_DIR_PATH}/Podfile.lock",
				"${PODS_ROOT}/Manifest.lock",
			);
			name = "[CP] Check Pods Manifest.lock";
			outputFileListPaths = (
			);
			outputPaths = (
				"$(DERIVED_FILE_DIR)/Pods-ki-kth-project-checkManifestLockResult.txt",
			);
			runOnlyForDeploymentPostprocessing = 0;
			shellPath = /bin/sh;
			shellScript = "diff \"${PODS_PODFILE_DIR_PATH}/Podfile.lock\" \"${PODS_ROOT}/Manifest.lock\" > /dev/null\nif [ $? != 0 ] ; then\n    # print error to STDERR\n    echo \"error: The sandbox is not in sync with the Podfile.lock. Run 'pod install' or update your CocoaPods installation.\" >&2\n    exit 1\nfi\n# This output is used by Xcode 'outputs' to avoid re-running this script phase.\necho \"SUCCESS\" > \"${SCRIPT_OUTPUT_FILE_0}\"\n";
			showEnvVarsInLog = 0;
		};
		51B3104D0A1200850FC7AADB /* [CP] Embed Pods Frameworks */ = {
			isa = PBXShellScriptBuildPhase;
			buildActionMask = 2147483647;
			files = (
			);
			inputFileListPaths = (
				"${PODS_ROOT}/Target Support Files/Pods-ki-kth-project/Pods-ki-kth-project-frameworks-${CONFIGURATION}-input-files.xcfilelist",
			);
			name = "[CP] Embed Pods Frameworks";
			outputFileListPaths = (
				"${PODS_ROOT}/Target Support Files/Pods-ki-kth-project/Pods-ki-kth-project-frameworks-${CONFIGURATION}-output-files.xcfilelist",
			);
			runOnlyForDeploymentPostprocessing = 0;
			shellPath = /bin/sh;
			shellScript = "\"${PODS_ROOT}/Target Support Files/Pods-ki-kth-project/Pods-ki-kth-project-frameworks.sh\"\n";
			showEnvVarsInLog = 0;
		};
/* End PBXShellScriptBuildPhase section */

/* Begin PBXSourcesBuildPhase section */
		7CDC8E162623AE6B00430BD7 /* Sources */ = {
			isa = PBXSourcesBuildPhase;
			buildActionMask = 2147483647;
			files = (
				7CDC8E3B2623AF8F00430BD7 /* NetworkingService.swift in Sources */,
				7CDC8E222623AE6B00430BD7 /* CalibrationViewController.swift in Sources */,
				7CF344B22642F79C00968E7F /* InitialLoginViewController.swift in Sources */,
				7CDEFBA12629C15B00CA3E66 /* StoryboardInstantiable.swift in Sources */,
				7C066D8E2634777E0030B103 /* AppColor.swift in Sources */,
				7CDC8E1E2623AE6B00430BD7 /* AppDelegate.swift in Sources */,
				7C4E33F72624754000C42669 /* ConcentrationTableViewCell.swift in Sources */,
				7C943D11263D854600EC7AFC /* DeviceDataAPI.swift in Sources */,
				7CE2238326399BC000BD8C5B /* DeviceListTableViewCellViewModel.swift in Sources */,
				7C3C27E92625C1EB00F83DAA /* ActivityIndicatorButton.swift in Sources */,
				7CDEFBA62629C23000CA3E66 /* CalibrationViewModel.swift in Sources */,
				7C066D84262B2F140030B103 /* ConcentrationTableViewCellModel.swift in Sources */,
				7CF344B42642F7AB00968E7F /* InitialLoginViewModel.swift in Sources */,
				7CDA38002623B0D700874665 /* AnalyteDataAPI.swift in Sources */,
				7CE2237C263997AC00BD8C5B /* DeviceReadingViewModel.swift in Sources */,
				7CE2238026399BA100BD8C5B /* DeviceListTableViewCell.swift in Sources */,
				7CDC8E202623AE6B00430BD7 /* SceneDelegate.swift in Sources */,
				7C3C27DF26258FBD00F83DAA /* AnalyteListTableViewCell.swift in Sources */,
				7C066D87262B31FE0030B103 /* AnalyteTableViewCellModel.swift in Sources */,
				7C066DAE2634BF450030B103 /* UIFont+Extension.swift in Sources */,
				7C9E01F7263D8ECB003ACC6A /* IndicatorTextField.swift in Sources */,
				7CDC8E282623AE6B00430BD7 /* ki_kth_project.xcdatamodeld in Sources */,
				7CE223782639977300BD8C5B /* DeviceReadingViewController.swift in Sources */,
			);
			runOnlyForDeploymentPostprocessing = 0;
		};
/* End PBXSourcesBuildPhase section */

/* Begin PBXVariantGroup section */
		7CDC8E232623AE6B00430BD7 /* CalibrationView.storyboard */ = {
			isa = PBXVariantGroup;
			children = (
				7CDC8E242623AE6B00430BD7 /* Base */,
			);
			name = CalibrationView.storyboard;
			sourceTree = "<group>";
		};
		7CDC8E2B2623AE6B00430BD7 /* LaunchScreen.storyboard */ = {
			isa = PBXVariantGroup;
			children = (
				7CDC8E2C2623AE6B00430BD7 /* Base */,
			);
			name = LaunchScreen.storyboard;
			sourceTree = "<group>";
		};
/* End PBXVariantGroup section */

/* Begin XCBuildConfiguration section */
		7CDC8E2F2623AE6B00430BD7 /* Debug */ = {
			isa = XCBuildConfiguration;
			buildSettings = {
				ALWAYS_SEARCH_USER_PATHS = NO;
				CLANG_ANALYZER_NONNULL = YES;
				CLANG_ANALYZER_NUMBER_OBJECT_CONVERSION = YES_AGGRESSIVE;
				CLANG_CXX_LANGUAGE_STANDARD = "gnu++14";
				CLANG_CXX_LIBRARY = "libc++";
				CLANG_ENABLE_MODULES = YES;
				CLANG_ENABLE_OBJC_ARC = YES;
				CLANG_ENABLE_OBJC_WEAK = YES;
				CLANG_WARN_BLOCK_CAPTURE_AUTORELEASING = YES;
				CLANG_WARN_BOOL_CONVERSION = YES;
				CLANG_WARN_COMMA = YES;
				CLANG_WARN_CONSTANT_CONVERSION = YES;
				CLANG_WARN_DEPRECATED_OBJC_IMPLEMENTATIONS = YES;
				CLANG_WARN_DIRECT_OBJC_ISA_USAGE = YES_ERROR;
				CLANG_WARN_DOCUMENTATION_COMMENTS = YES;
				CLANG_WARN_EMPTY_BODY = YES;
				CLANG_WARN_ENUM_CONVERSION = YES;
				CLANG_WARN_INFINITE_RECURSION = YES;
				CLANG_WARN_INT_CONVERSION = YES;
				CLANG_WARN_NON_LITERAL_NULL_CONVERSION = YES;
				CLANG_WARN_OBJC_IMPLICIT_RETAIN_SELF = YES;
				CLANG_WARN_OBJC_LITERAL_CONVERSION = YES;
				CLANG_WARN_OBJC_ROOT_CLASS = YES_ERROR;
				CLANG_WARN_QUOTED_INCLUDE_IN_FRAMEWORK_HEADER = YES;
				CLANG_WARN_RANGE_LOOP_ANALYSIS = YES;
				CLANG_WARN_STRICT_PROTOTYPES = YES;
				CLANG_WARN_SUSPICIOUS_MOVE = YES;
				CLANG_WARN_UNGUARDED_AVAILABILITY = YES_AGGRESSIVE;
				CLANG_WARN_UNREACHABLE_CODE = YES;
				CLANG_WARN__DUPLICATE_METHOD_MATCH = YES;
				COPY_PHASE_STRIP = NO;
				DEBUG_INFORMATION_FORMAT = dwarf;
				ENABLE_STRICT_OBJC_MSGSEND = YES;
				ENABLE_TESTABILITY = YES;
				GCC_C_LANGUAGE_STANDARD = gnu11;
				GCC_DYNAMIC_NO_PIC = NO;
				GCC_NO_COMMON_BLOCKS = YES;
				GCC_OPTIMIZATION_LEVEL = 0;
				GCC_PREPROCESSOR_DEFINITIONS = (
					"DEBUG=1",
					"$(inherited)",
				);
				GCC_WARN_64_TO_32_BIT_CONVERSION = YES;
				GCC_WARN_ABOUT_RETURN_TYPE = YES_ERROR;
				GCC_WARN_UNDECLARED_SELECTOR = YES;
				GCC_WARN_UNINITIALIZED_AUTOS = YES_AGGRESSIVE;
				GCC_WARN_UNUSED_FUNCTION = YES;
				GCC_WARN_UNUSED_VARIABLE = YES;
				IPHONEOS_DEPLOYMENT_TARGET = 14.4;
				MTL_ENABLE_DEBUG_INFO = INCLUDE_SOURCE;
				MTL_FAST_MATH = YES;
				ONLY_ACTIVE_ARCH = YES;
				SDKROOT = iphoneos;
				SWIFT_ACTIVE_COMPILATION_CONDITIONS = DEBUG;
				SWIFT_OPTIMIZATION_LEVEL = "-Onone";
			};
			name = Debug;
		};
		7CDC8E302623AE6B00430BD7 /* Release */ = {
			isa = XCBuildConfiguration;
			buildSettings = {
				ALWAYS_SEARCH_USER_PATHS = NO;
				CLANG_ANALYZER_NONNULL = YES;
				CLANG_ANALYZER_NUMBER_OBJECT_CONVERSION = YES_AGGRESSIVE;
				CLANG_CXX_LANGUAGE_STANDARD = "gnu++14";
				CLANG_CXX_LIBRARY = "libc++";
				CLANG_ENABLE_MODULES = YES;
				CLANG_ENABLE_OBJC_ARC = YES;
				CLANG_ENABLE_OBJC_WEAK = YES;
				CLANG_WARN_BLOCK_CAPTURE_AUTORELEASING = YES;
				CLANG_WARN_BOOL_CONVERSION = YES;
				CLANG_WARN_COMMA = YES;
				CLANG_WARN_CONSTANT_CONVERSION = YES;
				CLANG_WARN_DEPRECATED_OBJC_IMPLEMENTATIONS = YES;
				CLANG_WARN_DIRECT_OBJC_ISA_USAGE = YES_ERROR;
				CLANG_WARN_DOCUMENTATION_COMMENTS = YES;
				CLANG_WARN_EMPTY_BODY = YES;
				CLANG_WARN_ENUM_CONVERSION = YES;
				CLANG_WARN_INFINITE_RECURSION = YES;
				CLANG_WARN_INT_CONVERSION = YES;
				CLANG_WARN_NON_LITERAL_NULL_CONVERSION = YES;
				CLANG_WARN_OBJC_IMPLICIT_RETAIN_SELF = YES;
				CLANG_WARN_OBJC_LITERAL_CONVERSION = YES;
				CLANG_WARN_OBJC_ROOT_CLASS = YES_ERROR;
				CLANG_WARN_QUOTED_INCLUDE_IN_FRAMEWORK_HEADER = YES;
				CLANG_WARN_RANGE_LOOP_ANALYSIS = YES;
				CLANG_WARN_STRICT_PROTOTYPES = YES;
				CLANG_WARN_SUSPICIOUS_MOVE = YES;
				CLANG_WARN_UNGUARDED_AVAILABILITY = YES_AGGRESSIVE;
				CLANG_WARN_UNREACHABLE_CODE = YES;
				CLANG_WARN__DUPLICATE_METHOD_MATCH = YES;
				COPY_PHASE_STRIP = NO;
				DEBUG_INFORMATION_FORMAT = "dwarf-with-dsym";
				ENABLE_NS_ASSERTIONS = NO;
				ENABLE_STRICT_OBJC_MSGSEND = YES;
				GCC_C_LANGUAGE_STANDARD = gnu11;
				GCC_NO_COMMON_BLOCKS = YES;
				GCC_WARN_64_TO_32_BIT_CONVERSION = YES;
				GCC_WARN_ABOUT_RETURN_TYPE = YES_ERROR;
				GCC_WARN_UNDECLARED_SELECTOR = YES;
				GCC_WARN_UNINITIALIZED_AUTOS = YES_AGGRESSIVE;
				GCC_WARN_UNUSED_FUNCTION = YES;
				GCC_WARN_UNUSED_VARIABLE = YES;
				IPHONEOS_DEPLOYMENT_TARGET = 14.4;
				MTL_ENABLE_DEBUG_INFO = NO;
				MTL_FAST_MATH = YES;
				SDKROOT = iphoneos;
				SWIFT_COMPILATION_MODE = wholemodule;
				SWIFT_OPTIMIZATION_LEVEL = "-O";
				VALIDATE_PRODUCT = YES;
			};
			name = Release;
		};
		7CDC8E322623AE6B00430BD7 /* Debug */ = {
			isa = XCBuildConfiguration;
			baseConfigurationReference = 49798964489FB19CD8059D8B /* Pods-ki-kth-project.debug.xcconfig */;
			buildSettings = {
				ASSETCATALOG_COMPILER_APPICON_NAME = AppIcon;
				ASSETCATALOG_COMPILER_GLOBAL_ACCENT_COLOR_NAME = AccentColor;
				CODE_SIGN_STYLE = Automatic;
				DEVELOPMENT_TEAM = 3NZR5HJ443;
				INFOPLIST_FILE = "ki-kth-project/Info.plist";
				LD_RUNPATH_SEARCH_PATHS = (
					"$(inherited)",
					"@executable_path/Frameworks",
				);
				PRODUCT_BUNDLE_IDENTIFIER = "demirel.ki-kth-project";
				PRODUCT_NAME = "$(TARGET_NAME)";
				SWIFT_VERSION = 5.0;
				TARGETED_DEVICE_FAMILY = 2;
			};
			name = Debug;
		};
		7CDC8E332623AE6B00430BD7 /* Release */ = {
			isa = XCBuildConfiguration;
			baseConfigurationReference = D1DFA9CFFA0E6B88A99C38D3 /* Pods-ki-kth-project.release.xcconfig */;
			buildSettings = {
				ASSETCATALOG_COMPILER_APPICON_NAME = AppIcon;
				ASSETCATALOG_COMPILER_GLOBAL_ACCENT_COLOR_NAME = AccentColor;
				CODE_SIGN_STYLE = Automatic;
				DEVELOPMENT_TEAM = 3NZR5HJ443;
				INFOPLIST_FILE = "ki-kth-project/Info.plist";
				LD_RUNPATH_SEARCH_PATHS = (
					"$(inherited)",
					"@executable_path/Frameworks",
				);
				PRODUCT_BUNDLE_IDENTIFIER = "demirel.ki-kth-project";
				PRODUCT_NAME = "$(TARGET_NAME)";
				SWIFT_VERSION = 5.0;
				TARGETED_DEVICE_FAMILY = 2;
			};
			name = Release;
		};
/* End XCBuildConfiguration section */

/* Begin XCConfigurationList section */
		7CDC8E152623AE6B00430BD7 /* Build configuration list for PBXProject "ki-kth-project" */ = {
			isa = XCConfigurationList;
			buildConfigurations = (
				7CDC8E2F2623AE6B00430BD7 /* Debug */,
				7CDC8E302623AE6B00430BD7 /* Release */,
			);
			defaultConfigurationIsVisible = 0;
			defaultConfigurationName = Release;
		};
		7CDC8E312623AE6B00430BD7 /* Build configuration list for PBXNativeTarget "ki-kth-project" */ = {
			isa = XCConfigurationList;
			buildConfigurations = (
				7CDC8E322623AE6B00430BD7 /* Debug */,
				7CDC8E332623AE6B00430BD7 /* Release */,
			);
			defaultConfigurationIsVisible = 0;
			defaultConfigurationName = Release;
		};
/* End XCConfigurationList section */

/* Begin XCVersionGroup section */
		7CDC8E262623AE6B00430BD7 /* ki_kth_project.xcdatamodeld */ = {
			isa = XCVersionGroup;
			children = (
				7CDC8E272623AE6B00430BD7 /* ki_kth_project.xcdatamodel */,
			);
			currentVersion = 7CDC8E272623AE6B00430BD7 /* ki_kth_project.xcdatamodel */;
			path = ki_kth_project.xcdatamodeld;
			sourceTree = "<group>";
			versionGroupType = wrapper.xcdatamodel;
		};
/* End XCVersionGroup section */
	};
	rootObject = 7CDC8E122623AE6B00430BD7 /* Project object */;
}
